
Microsoft Visual Studio Solution File, Format Version 12.00
# Visual Studio Version 17
VisualStudioVersion = 17.13.35818.85
MinimumVisualStudioVersion = 10.0.40219.1
Project("{2150E333-8FDC-42A3-9474-1A3956D46DE8}") = "src", "src", "{02EA681E-C7D8-13C7-8484-4AC65E1B71E8}"
EndProject
Project("{FAE04EC0-301F-11D3-BF4B-00C04F79EFBC}") = "GHLearning.EasyKubernetesClient.WebApi", "src\GHLearning.EasyKubernetesClient.WebApi\GHLearning.EasyKubernetesClient.WebApi.csproj", "{46FC61F3-4917-B3CF-2836-1CC503A2B5FC}"
EndProject
Project("{FAE04EC0-301F-11D3-BF4B-00C04F79EFBC}") = "GHLearning.EasyKubernetesClient.Core", "src\GHLearning.EasyKubernetesClient.Core\GHLearning.EasyKubernetesClient.Core.csproj", "{991516F6-523E-BA96-6394-260029B4405F}"
EndProject
Project("{FAE04EC0-301F-11D3-BF4B-00C04F79EFBC}") = "GHLearning.EasyKubernetesClient.Infrastructure", "src\GHLearning.EasyKubernetesClient.Infrastructure\GHLearning.EasyKubernetesClient.Infrastructure.csproj", "{D4B2F33C-10D1-14F0-3F79-109CB7FA1B33}"
EndProject
Global
	GlobalSection(SolutionConfigurationPlatforms) = preSolution
		Debug|Any CPU = Debug|Any CPU
		Release|Any CPU = Release|Any CPU
	EndGlobalSection
	GlobalSection(ProjectConfigurationPlatforms) = postSolution
		{46FC61F3-4917-B3CF-2836-1CC503A2B5FC}.Debug|Any CPU.ActiveCfg = Debug|Any CPU
		{46FC61F3-4917-B3CF-2836-1CC503A2B5FC}.Debug|Any CPU.Build.0 = Debug|Any CPU
		{46FC61F3-4917-B3CF-2836-1CC503A2B5FC}.Release|Any CPU.ActiveCfg = Release|Any CPU
		{46FC61F3-4917-B3CF-2836-1CC503A2B5FC}.Release|Any CPU.Build.0 = Release|Any CPU
		{991516F6-523E-BA96-6394-260029B4405F}.Debug|Any CPU.ActiveCfg = Debug|Any CPU
		{991516F6-523E-BA96-6394-260029B4405F}.Debug|Any CPU.Build.0 = Debug|Any CPU
		{991516F6-523E-BA96-6394-260029B4405F}.Release|Any CPU.ActiveCfg = Release|Any CPU
		{991516F6-523E-BA96-6394-260029B4405F}.Release|Any CPU.Build.0 = Release|Any CPU
		{D4B2F33C-10D1-14F0-3F79-109CB7FA1B33}.Debug|Any CPU.ActiveCfg = Debug|Any CPU
		{D4B2F33C-10D1-14F0-3F79-109CB7FA1B33}.Debug|Any CPU.Build.0 = Debug|Any CPU
		{D4B2F33C-10D1-14F0-3F79-109CB7FA1B33}.Release|Any CPU.ActiveCfg = Release|Any CPU
		{D4B2F33C-10D1-14F0-3F79-109CB7FA1B33}.Release|Any CPU.Build.0 = Release|Any CPU
	EndGlobalSection
	GlobalSection(SolutionProperties) = preSolution
		HideSolutionNode = FALSE
	EndGlobalSection
	GlobalSection(NestedProjects) = preSolution
		{46FC61F3-4917-B3CF-2836-1CC503A2B5FC} = {02EA681E-C7D8-13C7-8484-4AC65E1B71E8}
		{991516F6-523E-BA96-6394-260029B4405F} = {02EA681E-C7D8-13C7-8484-4AC65E1B71E8}
		{D4B2F33C-10D1-14F0-3F79-109CB7FA1B33} = {02EA681E-C7D8-13C7-8484-4AC65E1B71E8}
	EndGlobalSection
	GlobalSection(ExtensibilityGlobals) = postSolution
		SolutionGuid = {8E5B83C5-8A9B-4A4E-8390-5FAA20AABE90}
	EndGlobalSection
EndGlobal
